// !$*UTF8*$!
{
	archiveVersion = 1;
	classes = {
	};
	objectVersion = 46;
	objects = {

/* Begin PBXBuildFile section */
		3CB82CCF190E22A200B1070E /* 10_C.png in Resources */ = {isa = PBXBuildFile; fileRef = 3CB82C9B190E22A200B1070E /* 10_C.png */; };
		3CB82CD0190E22A200B1070E /* 10_D.png in Resources */ = {isa = PBXBuildFile; fileRef = 3CB82C9C190E22A200B1070E /* 10_D.png */; };
		3CB82CD1190E22A200B1070E /* 10_H.png in Resources */ = {isa = PBXBuildFile; fileRef = 3CB82C9D190E22A200B1070E /* 10_H.png */; };
		3CB82CD2190E22A200B1070E /* 10_S.png in Resources */ = {isa = PBXBuildFile; fileRef = 3CB82C9E190E22A200B1070E /* 10_S.png */; };
		3CB82CD3190E22A200B1070E /* 2_C.png in Resources */ = {isa = PBXBuildFile; fileRef = 3CB82C9F190E22A200B1070E /* 2_C.png */; };
		3CB82CD4190E22A200B1070E /* 2_D.png in Resources */ = {isa = PBXBuildFile; fileRef = 3CB82CA0190E22A200B1070E /* 2_D.png */; };
		3CB82CD5190E22A200B1070E /* 2_H.png in Resources */ = {isa = PBXBuildFile; fileRef = 3CB82CA1190E22A200B1070E /* 2_H.png */; };
		3CB82CD6190E22A200B1070E /* 2_S.png in Resources */ = {isa = PBXBuildFile; fileRef = 3CB82CA2190E22A200B1070E /* 2_S.png */; };
		3CB82CD7190E22A200B1070E /* 3_C.png in Resources */ = {isa = PBXBuildFile; fileRef = 3CB82CA3190E22A200B1070E /* 3_C.png */; };
		3CB82CD8190E22A200B1070E /* 3_D.png in Resources */ = {isa = PBXBuildFile; fileRef = 3CB82CA4190E22A200B1070E /* 3_D.png */; };
		3CB82CD9190E22A200B1070E /* 3_H.png in Resources */ = {isa = PBXBuildFile; fileRef = 3CB82CA5190E22A200B1070E /* 3_H.png */; };
		3CB82CDA190E22A200B1070E /* 3_S.png in Resources */ = {isa = PBXBuildFile; fileRef = 3CB82CA6190E22A200B1070E /* 3_S.png */; };
		3CB82CDB190E22A200B1070E /* 4_C.png in Resources */ = {isa = PBXBuildFile; fileRef = 3CB82CA7190E22A200B1070E /* 4_C.png */; };
		3CB82CDC190E22A200B1070E /* 4_D.png in Resources */ = {isa = PBXBuildFile; fileRef = 3CB82CA8190E22A200B1070E /* 4_D.png */; };
		3CB82CDD190E22A200B1070E /* 4_H.png in Resources */ = {isa = PBXBuildFile; fileRef = 3CB82CA9190E22A200B1070E /* 4_H.png */; };
		3CB82CDE190E22A200B1070E /* 4_S.png in Resources */ = {isa = PBXBuildFile; fileRef = 3CB82CAA190E22A200B1070E /* 4_S.png */; };
		3CB82CDF190E22A200B1070E /* 5_C.png in Resources */ = {isa = PBXBuildFile; fileRef = 3CB82CAB190E22A200B1070E /* 5_C.png */; };
		3CB82CE0190E22A200B1070E /* 5_D.png in Resources */ = {isa = PBXBuildFile; fileRef = 3CB82CAC190E22A200B1070E /* 5_D.png */; };
		3CB82CE1190E22A200B1070E /* 5_H.png in Resources */ = {isa = PBXBuildFile; fileRef = 3CB82CAD190E22A200B1070E /* 5_H.png */; };
		3CB82CE2190E22A200B1070E /* 5_S.png in Resources */ = {isa = PBXBuildFile; fileRef = 3CB82CAE190E22A200B1070E /* 5_S.png */; };
		3CB82CE3190E22A200B1070E /* 6_C.png in Resources */ = {isa = PBXBuildFile; fileRef = 3CB82CAF190E22A200B1070E /* 6_C.png */; };
		3CB82CE4190E22A200B1070E /* 6_D.png in Resources */ = {isa = PBXBuildFile; fileRef = 3CB82CB0190E22A200B1070E /* 6_D.png */; };
		3CB82CE5190E22A200B1070E /* 6_H.png in Resources */ = {isa = PBXBuildFile; fileRef = 3CB82CB1190E22A200B1070E /* 6_H.png */; };
		3CB82CE6190E22A200B1070E /* 6_S.png in Resources */ = {isa = PBXBuildFile; fileRef = 3CB82CB2190E22A200B1070E /* 6_S.png */; };
		3CB82CE7190E22A200B1070E /* 7_C.png in Resources */ = {isa = PBXBuildFile; fileRef = 3CB82CB3190E22A200B1070E /* 7_C.png */; };
		3CB82CE8190E22A200B1070E /* 7_D.png in Resources */ = {isa = PBXBuildFile; fileRef = 3CB82CB4190E22A200B1070E /* 7_D.png */; };
		3CB82CE9190E22A200B1070E /* 7_H.png in Resources */ = {isa = PBXBuildFile; fileRef = 3CB82CB5190E22A200B1070E /* 7_H.png */; };
		3CB82CEA190E22A200B1070E /* 7_S.png in Resources */ = {isa = PBXBuildFile; fileRef = 3CB82CB6190E22A200B1070E /* 7_S.png */; };
		3CB82CEB190E22A200B1070E /* 8_C.png in Resources */ = {isa = PBXBuildFile; fileRef = 3CB82CB7190E22A200B1070E /* 8_C.png */; };
		3CB82CEC190E22A200B1070E /* 8_D.png in Resources */ = {isa = PBXBuildFile; fileRef = 3CB82CB8190E22A200B1070E /* 8_D.png */; };
		3CB82CED190E22A200B1070E /* 8_H.png in Resources */ = {isa = PBXBuildFile; fileRef = 3CB82CB9190E22A200B1070E /* 8_H.png */; };
		3CB82CEE190E22A200B1070E /* 8_S.png in Resources */ = {isa = PBXBuildFile; fileRef = 3CB82CBA190E22A200B1070E /* 8_S.png */; };
		3CB82CEF190E22A200B1070E /* 9_C.png in Resources */ = {isa = PBXBuildFile; fileRef = 3CB82CBB190E22A200B1070E /* 9_C.png */; };
		3CB82CF0190E22A200B1070E /* 9_D.png in Resources */ = {isa = PBXBuildFile; fileRef = 3CB82CBC190E22A200B1070E /* 9_D.png */; };
		3CB82CF1190E22A200B1070E /* 9_H.png in Resources */ = {isa = PBXBuildFile; fileRef = 3CB82CBD190E22A200B1070E /* 9_H.png */; };
		3CB82CF2190E22A200B1070E /* 9_S.png in Resources */ = {isa = PBXBuildFile; fileRef = 3CB82CBE190E22A200B1070E /* 9_S.png */; };
		3CB82CF3190E22A200B1070E /* A_C.png in Resources */ = {isa = PBXBuildFile; fileRef = 3CB82CBF190E22A200B1070E /* A_C.png */; };
		3CB82CF4190E22A200B1070E /* A_D.png in Resources */ = {isa = PBXBuildFile; fileRef = 3CB82CC0190E22A200B1070E /* A_D.png */; };
		3CB82CF5190E22A200B1070E /* A_H.png in Resources */ = {isa = PBXBuildFile; fileRef = 3CB82CC1190E22A200B1070E /* A_H.png */; };
		3CB82CF6190E22A200B1070E /* A_S.png in Resources */ = {isa = PBXBuildFile; fileRef = 3CB82CC2190E22A200B1070E /* A_S.png */; };
		3CB82CF7190E22A200B1070E /* J_C.png in Resources */ = {isa = PBXBuildFile; fileRef = 3CB82CC3190E22A200B1070E /* J_C.png */; };
		3CB82CF8190E22A200B1070E /* J_D.png in Resources */ = {isa = PBXBuildFile; fileRef = 3CB82CC4190E22A200B1070E /* J_D.png */; };
		3CB82CF9190E22A200B1070E /* J_H.png in Resources */ = {isa = PBXBuildFile; fileRef = 3CB82CC5190E22A200B1070E /* J_H.png */; };
		3CB82CFA190E22A200B1070E /* J_S.png in Resources */ = {isa = PBXBuildFile; fileRef = 3CB82CC6190E22A200B1070E /* J_S.png */; };
		3CB82CFB190E22A200B1070E /* K_C.png in Resources */ = {isa = PBXBuildFile; fileRef = 3CB82CC7190E22A200B1070E /* K_C.png */; };
		3CB82CFC190E22A200B1070E /* K_D.png in Resources */ = {isa = PBXBuildFile; fileRef = 3CB82CC8190E22A200B1070E /* K_D.png */; };
		3CB82CFD190E22A200B1070E /* K_H.png in Resources */ = {isa = PBXBuildFile; fileRef = 3CB82CC9190E22A200B1070E /* K_H.png */; };
		3CB82CFE190E22A200B1070E /* K_S.png in Resources */ = {isa = PBXBuildFile; fileRef = 3CB82CCA190E22A200B1070E /* K_S.png */; };
		3CB82CFF190E22A200B1070E /* Q_C.png in Resources */ = {isa = PBXBuildFile; fileRef = 3CB82CCB190E22A200B1070E /* Q_C.png */; };
		3CB82D00190E22A200B1070E /* Q_D.png in Resources */ = {isa = PBXBuildFile; fileRef = 3CB82CCC190E22A200B1070E /* Q_D.png */; };
		3CB82D01190E22A200B1070E /* Q_H.png in Resources */ = {isa = PBXBuildFile; fileRef = 3CB82CCD190E22A200B1070E /* Q_H.png */; };
		3CB82D02190E22A200B1070E /* Q_S.png in Resources */ = {isa = PBXBuildFile; fileRef = 3CB82CCE190E22A200B1070E /* Q_S.png */; };
		4E189F2F190C7513002878AD /* DQU_TableViewController.m in Sources */ = {isa = PBXBuildFile; fileRef = 4E189F2D190C7513002878AD /* DQU_TableViewController.m */; };
		4E189F30190C7513002878AD /* star.png in Resources */ = {isa = PBXBuildFile; fileRef = 4E189F2E190C7513002878AD /* star.png */; };
		4E22100218FB57EC0020ED2F /* DQU_MainHandViewController.m in Sources */ = {isa = PBXBuildFile; fileRef = 4E22100118FB57EC0020ED2F /* DQU_MainHandViewController.m */; };
		4E22100518FB66190020ED2F /* DQU_CardCell.m in Sources */ = {isa = PBXBuildFile; fileRef = 4E22100418FB66190020ED2F /* DQU_CardCell.m */; };
		4E737E0818F4DFE1009BD8D5 /* DQUHand.m in Sources */ = {isa = PBXBuildFile; fileRef = 4EC0557118F3478900CBA2B1 /* DQUHand.m */; };
		4E737E0918F4DFF8009BD8D5 /* DQUCard.mm in Sources */ = {isa = PBXBuildFile; fileRef = 4EC0556D18F3478900CBA2B1 /* DQUCard.mm */; };
		4E9AEC32190C28F70062C1EF /* DQUDataServer.m in Sources */ = {isa = PBXBuildFile; fileRef = 4E9AEC31190C28F70062C1EF /* DQUDataServer.m */; };
		4EB038D418E8F83B0084D175 /* Foundation.framework in Frameworks */ = {isa = PBXBuildFile; fileRef = 4EB038D318E8F83B0084D175 /* Foundation.framework */; };
		4EB038D618E8F83B0084D175 /* CoreGraphics.framework in Frameworks */ = {isa = PBXBuildFile; fileRef = 4EB038D518E8F83B0084D175 /* CoreGraphics.framework */; };
		4EB038D818E8F83B0084D175 /* UIKit.framework in Frameworks */ = {isa = PBXBuildFile; fileRef = 4EB038D718E8F83B0084D175 /* UIKit.framework */; };
		4EB038DE18E8F83C0084D175 /* InfoPlist.strings in Resources */ = {isa = PBXBuildFile; fileRef = 4EB038DC18E8F83C0084D175 /* InfoPlist.strings */; };
		4EB038E018E8F83D0084D175 /* main.m in Sources */ = {isa = PBXBuildFile; fileRef = 4EB038DF18E8F83D0084D175 /* main.m */; };
		4EB038E418E8F83D0084D175 /* DQUAppDelegate.m in Sources */ = {isa = PBXBuildFile; fileRef = 4EB038E318E8F83D0084D175 /* DQUAppDelegate.m */; };
		4EB038E618E8F83D0084D175 /* Images.xcassets in Resources */ = {isa = PBXBuildFile; fileRef = 4EB038E518E8F83D0084D175 /* Images.xcassets */; };
		4EB038ED18E8F8410084D175 /* XCTest.framework in Frameworks */ = {isa = PBXBuildFile; fileRef = 4EB038EC18E8F8410084D175 /* XCTest.framework */; };
		4EB038EE18E8F8410084D175 /* Foundation.framework in Frameworks */ = {isa = PBXBuildFile; fileRef = 4EB038D318E8F83B0084D175 /* Foundation.framework */; };
		4EB038EF18E8F8410084D175 /* UIKit.framework in Frameworks */ = {isa = PBXBuildFile; fileRef = 4EB038D718E8F83B0084D175 /* UIKit.framework */; };
		4EB038F718E8F8410084D175 /* InfoPlist.strings in Resources */ = {isa = PBXBuildFile; fileRef = 4EB038F518E8F8410084D175 /* InfoPlist.strings */; };
		4EB038F918E8F8410084D175 /* DequeTests.m in Sources */ = {isa = PBXBuildFile; fileRef = 4EB038F818E8F8410084D175 /* DequeTests.m */; };
		4EB0390318E8F9BB0084D175 /* Parse.framework in Frameworks */ = {isa = PBXBuildFile; fileRef = 4EB0390218E8F9BB0084D175 /* Parse.framework */; };
		4EB0390518E8FA070084D175 /* AudioToolbox.framework in Frameworks */ = {isa = PBXBuildFile; fileRef = 4EB0390418E8FA070084D175 /* AudioToolbox.framework */; };
		4EB0390718E8FA0D0084D175 /* CFNetwork.framework in Frameworks */ = {isa = PBXBuildFile; fileRef = 4EB0390618E8FA0D0084D175 /* CFNetwork.framework */; };
		4EB0390918E8FA240084D175 /* CoreLocation.framework in Frameworks */ = {isa = PBXBuildFile; fileRef = 4EB0390818E8FA240084D175 /* CoreLocation.framework */; };
		4EB0390B18E8FA2D0084D175 /* libz.dylib in Frameworks */ = {isa = PBXBuildFile; fileRef = 4EB0390A18E8FA2D0084D175 /* libz.dylib */; };
		4EB0390D18E8FA340084D175 /* MobileCoreServices.framework in Frameworks */ = {isa = PBXBuildFile; fileRef = 4EB0390C18E8FA340084D175 /* MobileCoreServices.framework */; };
		4EB0390F18E8FA3A0084D175 /* QuartzCore.framework in Frameworks */ = {isa = PBXBuildFile; fileRef = 4EB0390E18E8FA3A0084D175 /* QuartzCore.framework */; };
		4EB0391118E8FA3F0084D175 /* Security.framework in Frameworks */ = {isa = PBXBuildFile; fileRef = 4EB0391018E8FA3F0084D175 /* Security.framework */; };
		4EB0391318E8FA440084D175 /* StoreKit.framework in Frameworks */ = {isa = PBXBuildFile; fileRef = 4EB0391218E8FA440084D175 /* StoreKit.framework */; };
		4EB0391518E8FA4B0084D175 /* SystemConfiguration.framework in Frameworks */ = {isa = PBXBuildFile; fileRef = 4EB0391418E8FA4B0084D175 /* SystemConfiguration.framework */; };
		4EC8D8F1190EE73A0020EBE1 /* DQUModActionSheet.m in Sources */ = {isa = PBXBuildFile; fileRef = 4EC8D8F0190EE73A0020EBE1 /* DQUModActionSheet.m */; };
		4ED4E75618E9C9E4007946C7 /* DQUGame.m in Sources */ = {isa = PBXBuildFile; fileRef = 4ED4E75518E9C9E4007946C7 /* DQUGame.m */; };
		4EDBAD6E18F2149F0016AAF2 /* Main.storyboard in Resources */ = {isa = PBXBuildFile; fileRef = 4EDBAD6D18F2149F0016AAF2 /* Main.storyboard */; };
		4EDBAD7418F2187C0016AAF2 /* DQU_HandViewController.m in Sources */ = {isa = PBXBuildFile; fileRef = 4EDBAD7318F2187C0016AAF2 /* DQU_HandViewController.m */; };
		4EDBAD7718F218B70016AAF2 /* DQU_HandCard.m in Sources */ = {isa = PBXBuildFile; fileRef = 4EDBAD7618F218B70016AAF2 /* DQU_HandCard.m */; };
		6A0D9B5E191391AB00AA3F66 /* DQUExistingGameTableViewController.m in Sources */ = {isa = PBXBuildFile; fileRef = 6A0D9B5D191391AB00AA3F66 /* DQUExistingGameTableViewController.m */; };
		6A86AAE119127BC400D930BB /* DQUNewGameViewController.m in Sources */ = {isa = PBXBuildFile; fileRef = 6A86AAE019127BC400D930BB /* DQUNewGameViewController.m */; };
/* End PBXBuildFile section */

/* Begin PBXContainerItemProxy section */
		4EB038F018E8F8410084D175 /* PBXContainerItemProxy */ = {
			isa = PBXContainerItemProxy;
			containerPortal = 4EB038C818E8F83A0084D175 /* Project object */;
			proxyType = 1;
			remoteGlobalIDString = 4EB038CF18E8F83B0084D175;
			remoteInfo = Deque;
		};
/* End PBXContainerItemProxy section */

/* Begin PBXFileReference section */
		3CB82C9B190E22A200B1070E /* 10_C.png */ = {isa = PBXFileReference; lastKnownFileType = image.png; path = 10_C.png; sourceTree = "<group>"; };
		3CB82C9C190E22A200B1070E /* 10_D.png */ = {isa = PBXFileReference; lastKnownFileType = image.png; path = 10_D.png; sourceTree = "<group>"; };
		3CB82C9D190E22A200B1070E /* 10_H.png */ = {isa = PBXFileReference; lastKnownFileType = image.png; path = 10_H.png; sourceTree = "<group>"; };
		3CB82C9E190E22A200B1070E /* 10_S.png */ = {isa = PBXFileReference; lastKnownFileType = image.png; path = 10_S.png; sourceTree = "<group>"; };
		3CB82C9F190E22A200B1070E /* 2_C.png */ = {isa = PBXFileReference; lastKnownFileType = image.png; path = 2_C.png; sourceTree = "<group>"; };
		3CB82CA0190E22A200B1070E /* 2_D.png */ = {isa = PBXFileReference; lastKnownFileType = image.png; path = 2_D.png; sourceTree = "<group>"; };
		3CB82CA1190E22A200B1070E /* 2_H.png */ = {isa = PBXFileReference; lastKnownFileType = image.png; path = 2_H.png; sourceTree = "<group>"; };
		3CB82CA2190E22A200B1070E /* 2_S.png */ = {isa = PBXFileReference; lastKnownFileType = image.png; path = 2_S.png; sourceTree = "<group>"; };
		3CB82CA3190E22A200B1070E /* 3_C.png */ = {isa = PBXFileReference; lastKnownFileType = image.png; path = 3_C.png; sourceTree = "<group>"; };
		3CB82CA4190E22A200B1070E /* 3_D.png */ = {isa = PBXFileReference; lastKnownFileType = image.png; path = 3_D.png; sourceTree = "<group>"; };
		3CB82CA5190E22A200B1070E /* 3_H.png */ = {isa = PBXFileReference; lastKnownFileType = image.png; path = 3_H.png; sourceTree = "<group>"; };
		3CB82CA6190E22A200B1070E /* 3_S.png */ = {isa = PBXFileReference; lastKnownFileType = image.png; path = 3_S.png; sourceTree = "<group>"; };
		3CB82CA7190E22A200B1070E /* 4_C.png */ = {isa = PBXFileReference; lastKnownFileType = image.png; path = 4_C.png; sourceTree = "<group>"; };
		3CB82CA8190E22A200B1070E /* 4_D.png */ = {isa = PBXFileReference; lastKnownFileType = image.png; path = 4_D.png; sourceTree = "<group>"; };
		3CB82CA9190E22A200B1070E /* 4_H.png */ = {isa = PBXFileReference; lastKnownFileType = image.png; path = 4_H.png; sourceTree = "<group>"; };
		3CB82CAA190E22A200B1070E /* 4_S.png */ = {isa = PBXFileReference; lastKnownFileType = image.png; path = 4_S.png; sourceTree = "<group>"; };
		3CB82CAB190E22A200B1070E /* 5_C.png */ = {isa = PBXFileReference; lastKnownFileType = image.png; path = 5_C.png; sourceTree = "<group>"; };
		3CB82CAC190E22A200B1070E /* 5_D.png */ = {isa = PBXFileReference; lastKnownFileType = image.png; path = 5_D.png; sourceTree = "<group>"; };
		3CB82CAD190E22A200B1070E /* 5_H.png */ = {isa = PBXFileReference; lastKnownFileType = image.png; path = 5_H.png; sourceTree = "<group>"; };
		3CB82CAE190E22A200B1070E /* 5_S.png */ = {isa = PBXFileReference; lastKnownFileType = image.png; path = 5_S.png; sourceTree = "<group>"; };
		3CB82CAF190E22A200B1070E /* 6_C.png */ = {isa = PBXFileReference; lastKnownFileType = image.png; path = 6_C.png; sourceTree = "<group>"; };
		3CB82CB0190E22A200B1070E /* 6_D.png */ = {isa = PBXFileReference; lastKnownFileType = image.png; path = 6_D.png; sourceTree = "<group>"; };
		3CB82CB1190E22A200B1070E /* 6_H.png */ = {isa = PBXFileReference; lastKnownFileType = image.png; path = 6_H.png; sourceTree = "<group>"; };
		3CB82CB2190E22A200B1070E /* 6_S.png */ = {isa = PBXFileReference; lastKnownFileType = image.png; path = 6_S.png; sourceTree = "<group>"; };
		3CB82CB3190E22A200B1070E /* 7_C.png */ = {isa = PBXFileReference; lastKnownFileType = image.png; path = 7_C.png; sourceTree = "<group>"; };
		3CB82CB4190E22A200B1070E /* 7_D.png */ = {isa = PBXFileReference; lastKnownFileType = image.png; path = 7_D.png; sourceTree = "<group>"; };
		3CB82CB5190E22A200B1070E /* 7_H.png */ = {isa = PBXFileReference; lastKnownFileType = image.png; path = 7_H.png; sourceTree = "<group>"; };
		3CB82CB6190E22A200B1070E /* 7_S.png */ = {isa = PBXFileReference; lastKnownFileType = image.png; path = 7_S.png; sourceTree = "<group>"; };
		3CB82CB7190E22A200B1070E /* 8_C.png */ = {isa = PBXFileReference; lastKnownFileType = image.png; path = 8_C.png; sourceTree = "<group>"; };
		3CB82CB8190E22A200B1070E /* 8_D.png */ = {isa = PBXFileReference; lastKnownFileType = image.png; path = 8_D.png; sourceTree = "<group>"; };
		3CB82CB9190E22A200B1070E /* 8_H.png */ = {isa = PBXFileReference; lastKnownFileType = image.png; path = 8_H.png; sourceTree = "<group>"; };
		3CB82CBA190E22A200B1070E /* 8_S.png */ = {isa = PBXFileReference; lastKnownFileType = image.png; path = 8_S.png; sourceTree = "<group>"; };
		3CB82CBB190E22A200B1070E /* 9_C.png */ = {isa = PBXFileReference; lastKnownFileType = image.png; path = 9_C.png; sourceTree = "<group>"; };
		3CB82CBC190E22A200B1070E /* 9_D.png */ = {isa = PBXFileReference; lastKnownFileType = image.png; path = 9_D.png; sourceTree = "<group>"; };
		3CB82CBD190E22A200B1070E /* 9_H.png */ = {isa = PBXFileReference; lastKnownFileType = image.png; path = 9_H.png; sourceTree = "<group>"; };
		3CB82CBE190E22A200B1070E /* 9_S.png */ = {isa = PBXFileReference; lastKnownFileType = image.png; path = 9_S.png; sourceTree = "<group>"; };
		3CB82CBF190E22A200B1070E /* A_C.png */ = {isa = PBXFileReference; lastKnownFileType = image.png; path = A_C.png; sourceTree = "<group>"; };
		3CB82CC0190E22A200B1070E /* A_D.png */ = {isa = PBXFileReference; lastKnownFileType = image.png; path = A_D.png; sourceTree = "<group>"; };
		3CB82CC1190E22A200B1070E /* A_H.png */ = {isa = PBXFileReference; lastKnownFileType = image.png; path = A_H.png; sourceTree = "<group>"; };
		3CB82CC2190E22A200B1070E /* A_S.png */ = {isa = PBXFileReference; lastKnownFileType = image.png; path = A_S.png; sourceTree = "<group>"; };
		3CB82CC3190E22A200B1070E /* J_C.png */ = {isa = PBXFileReference; lastKnownFileType = image.png; path = J_C.png; sourceTree = "<group>"; };
		3CB82CC4190E22A200B1070E /* J_D.png */ = {isa = PBXFileReference; lastKnownFileType = image.png; path = J_D.png; sourceTree = "<group>"; };
		3CB82CC5190E22A200B1070E /* J_H.png */ = {isa = PBXFileReference; lastKnownFileType = image.png; path = J_H.png; sourceTree = "<group>"; };
		3CB82CC6190E22A200B1070E /* J_S.png */ = {isa = PBXFileReference; lastKnownFileType = image.png; path = J_S.png; sourceTree = "<group>"; };
		3CB82CC7190E22A200B1070E /* K_C.png */ = {isa = PBXFileReference; lastKnownFileType = image.png; path = K_C.png; sourceTree = "<group>"; };
		3CB82CC8190E22A200B1070E /* K_D.png */ = {isa = PBXFileReference; lastKnownFileType = image.png; path = K_D.png; sourceTree = "<group>"; };
		3CB82CC9190E22A200B1070E /* K_H.png */ = {isa = PBXFileReference; lastKnownFileType = image.png; path = K_H.png; sourceTree = "<group>"; };
		3CB82CCA190E22A200B1070E /* K_S.png */ = {isa = PBXFileReference; lastKnownFileType = image.png; path = K_S.png; sourceTree = "<group>"; };
		3CB82CCB190E22A200B1070E /* Q_C.png */ = {isa = PBXFileReference; lastKnownFileType = image.png; path = Q_C.png; sourceTree = "<group>"; };
		3CB82CCC190E22A200B1070E /* Q_D.png */ = {isa = PBXFileReference; lastKnownFileType = image.png; path = Q_D.png; sourceTree = "<group>"; };
		3CB82CCD190E22A200B1070E /* Q_H.png */ = {isa = PBXFileReference; lastKnownFileType = image.png; path = Q_H.png; sourceTree = "<group>"; };
		3CB82CCE190E22A200B1070E /* Q_S.png */ = {isa = PBXFileReference; lastKnownFileType = image.png; path = Q_S.png; sourceTree = "<group>"; };
		4E189F2C190C7513002878AD /* DQU_TableViewController.h */ = {isa = PBXFileReference; fileEncoding = 4; lastKnownFileType = sourcecode.c.h; path = DQU_TableViewController.h; sourceTree = "<group>"; };
		4E189F2D190C7513002878AD /* DQU_TableViewController.m */ = {isa = PBXFileReference; fileEncoding = 4; lastKnownFileType = sourcecode.c.objc; path = DQU_TableViewController.m; sourceTree = "<group>"; };
		4E189F2E190C7513002878AD /* star.png */ = {isa = PBXFileReference; lastKnownFileType = image.png; path = star.png; sourceTree = "<group>"; };
		4E22100018FB57EB0020ED2F /* DQU_MainHandViewController.h */ = {isa = PBXFileReference; fileEncoding = 4; lastKnownFileType = sourcecode.c.h; path = DQU_MainHandViewController.h; sourceTree = "<group>"; };
		4E22100118FB57EC0020ED2F /* DQU_MainHandViewController.m */ = {isa = PBXFileReference; fileEncoding = 4; indentWidth = 5; lastKnownFileType = sourcecode.c.objc; path = DQU_MainHandViewController.m; sourceTree = "<group>"; };
		4E22100318FB66190020ED2F /* DQU_CardCell.h */ = {isa = PBXFileReference; fileEncoding = 4; lastKnownFileType = sourcecode.c.h; path = DQU_CardCell.h; sourceTree = "<group>"; };
		4E22100418FB66190020ED2F /* DQU_CardCell.m */ = {isa = PBXFileReference; fileEncoding = 4; lastKnownFileType = sourcecode.c.objc; path = DQU_CardCell.m; sourceTree = "<group>"; };
		4E9AEC30190C28F70062C1EF /* DQUDataServer.h */ = {isa = PBXFileReference; fileEncoding = 4; lastKnownFileType = sourcecode.c.h; path = DQUDataServer.h; sourceTree = "<group>"; };
		4E9AEC31190C28F70062C1EF /* DQUDataServer.m */ = {isa = PBXFileReference; fileEncoding = 4; lastKnownFileType = sourcecode.c.objc; path = DQUDataServer.m; sourceTree = "<group>"; };
		4EB038D018E8F83B0084D175 /* Deque.app */ = {isa = PBXFileReference; explicitFileType = wrapper.application; includeInIndex = 0; path = Deque.app; sourceTree = BUILT_PRODUCTS_DIR; };
		4EB038D318E8F83B0084D175 /* Foundation.framework */ = {isa = PBXFileReference; lastKnownFileType = wrapper.framework; name = Foundation.framework; path = System/Library/Frameworks/Foundation.framework; sourceTree = SDKROOT; };
		4EB038D518E8F83B0084D175 /* CoreGraphics.framework */ = {isa = PBXFileReference; lastKnownFileType = wrapper.framework; name = CoreGraphics.framework; path = System/Library/Frameworks/CoreGraphics.framework; sourceTree = SDKROOT; };
		4EB038D718E8F83B0084D175 /* UIKit.framework */ = {isa = PBXFileReference; lastKnownFileType = wrapper.framework; name = UIKit.framework; path = System/Library/Frameworks/UIKit.framework; sourceTree = SDKROOT; };
		4EB038DB18E8F83B0084D175 /* Deque-Info.plist */ = {isa = PBXFileReference; lastKnownFileType = text.plist.xml; path = "Deque-Info.plist"; sourceTree = "<group>"; };
		4EB038DD18E8F83C0084D175 /* en */ = {isa = PBXFileReference; lastKnownFileType = text.plist.strings; name = en; path = en.lproj/InfoPlist.strings; sourceTree = "<group>"; };
		4EB038DF18E8F83D0084D175 /* main.m */ = {isa = PBXFileReference; lastKnownFileType = sourcecode.c.objc; path = main.m; sourceTree = "<group>"; };
		4EB038E118E8F83D0084D175 /* Deque-Prefix.pch */ = {isa = PBXFileReference; lastKnownFileType = sourcecode.c.h; path = "Deque-Prefix.pch"; sourceTree = "<group>"; };
		4EB038E218E8F83D0084D175 /* DQUAppDelegate.h */ = {isa = PBXFileReference; lastKnownFileType = sourcecode.c.h; path = DQUAppDelegate.h; sourceTree = "<group>"; };
		4EB038E318E8F83D0084D175 /* DQUAppDelegate.m */ = {isa = PBXFileReference; lastKnownFileType = sourcecode.c.objc; path = DQUAppDelegate.m; sourceTree = "<group>"; };
		4EB038E518E8F83D0084D175 /* Images.xcassets */ = {isa = PBXFileReference; lastKnownFileType = folder.assetcatalog; path = Images.xcassets; sourceTree = "<group>"; };
		4EB038EB18E8F8410084D175 /* DequeTests.xctest */ = {isa = PBXFileReference; explicitFileType = wrapper.cfbundle; includeInIndex = 0; path = DequeTests.xctest; sourceTree = BUILT_PRODUCTS_DIR; };
		4EB038EC18E8F8410084D175 /* XCTest.framework */ = {isa = PBXFileReference; lastKnownFileType = wrapper.framework; name = XCTest.framework; path = Library/Frameworks/XCTest.framework; sourceTree = DEVELOPER_DIR; };
		4EB038F418E8F8410084D175 /* DequeTests-Info.plist */ = {isa = PBXFileReference; lastKnownFileType = text.plist.xml; path = "DequeTests-Info.plist"; sourceTree = "<group>"; };
		4EB038F618E8F8410084D175 /* en */ = {isa = PBXFileReference; lastKnownFileType = text.plist.strings; name = en; path = en.lproj/InfoPlist.strings; sourceTree = "<group>"; };
		4EB038F818E8F8410084D175 /* DequeTests.m */ = {isa = PBXFileReference; lastKnownFileType = sourcecode.c.objc; path = DequeTests.m; sourceTree = "<group>"; };
		4EB0390218E8F9BB0084D175 /* Parse.framework */ = {isa = PBXFileReference; lastKnownFileType = wrapper.framework; path = Parse.framework; sourceTree = "<group>"; };
		4EB0390418E8FA070084D175 /* AudioToolbox.framework */ = {isa = PBXFileReference; lastKnownFileType = wrapper.framework; name = AudioToolbox.framework; path = System/Library/Frameworks/AudioToolbox.framework; sourceTree = SDKROOT; };
		4EB0390618E8FA0D0084D175 /* CFNetwork.framework */ = {isa = PBXFileReference; lastKnownFileType = wrapper.framework; name = CFNetwork.framework; path = System/Library/Frameworks/CFNetwork.framework; sourceTree = SDKROOT; };
		4EB0390818E8FA240084D175 /* CoreLocation.framework */ = {isa = PBXFileReference; lastKnownFileType = wrapper.framework; name = CoreLocation.framework; path = System/Library/Frameworks/CoreLocation.framework; sourceTree = SDKROOT; };
		4EB0390A18E8FA2D0084D175 /* libz.dylib */ = {isa = PBXFileReference; lastKnownFileType = "compiled.mach-o.dylib"; name = libz.dylib; path = usr/lib/libz.dylib; sourceTree = SDKROOT; };
		4EB0390C18E8FA340084D175 /* MobileCoreServices.framework */ = {isa = PBXFileReference; lastKnownFileType = wrapper.framework; name = MobileCoreServices.framework; path = System/Library/Frameworks/MobileCoreServices.framework; sourceTree = SDKROOT; };
		4EB0390E18E8FA3A0084D175 /* QuartzCore.framework */ = {isa = PBXFileReference; lastKnownFileType = wrapper.framework; name = QuartzCore.framework; path = System/Library/Frameworks/QuartzCore.framework; sourceTree = SDKROOT; };
		4EB0391018E8FA3F0084D175 /* Security.framework */ = {isa = PBXFileReference; lastKnownFileType = wrapper.framework; name = Security.framework; path = System/Library/Frameworks/Security.framework; sourceTree = SDKROOT; };
		4EB0391218E8FA440084D175 /* StoreKit.framework */ = {isa = PBXFileReference; lastKnownFileType = wrapper.framework; name = StoreKit.framework; path = System/Library/Frameworks/StoreKit.framework; sourceTree = SDKROOT; };
		4EB0391418E8FA4B0084D175 /* SystemConfiguration.framework */ = {isa = PBXFileReference; lastKnownFileType = wrapper.framework; name = SystemConfiguration.framework; path = System/Library/Frameworks/SystemConfiguration.framework; sourceTree = SDKROOT; };
		4EC0556C18F3478900CBA2B1 /* DQUCard.h */ = {isa = PBXFileReference; fileEncoding = 4; lastKnownFileType = sourcecode.c.h; path = DQUCard.h; sourceTree = "<group>"; };
		4EC0556D18F3478900CBA2B1 /* DQUCard.mm */ = {isa = PBXFileReference; fileEncoding = 4; lastKnownFileType = sourcecode.cpp.objcpp; path = DQUCard.mm; sourceTree = "<group>"; };
		4EC0557018F3478900CBA2B1 /* DQUHand.h */ = {isa = PBXFileReference; fileEncoding = 4; lastKnownFileType = sourcecode.c.h; path = DQUHand.h; sourceTree = "<group>"; };
		4EC0557118F3478900CBA2B1 /* DQUHand.m */ = {isa = PBXFileReference; fileEncoding = 4; lastKnownFileType = sourcecode.c.objc; path = DQUHand.m; sourceTree = "<group>"; };
		4EC8D8EF190EE73A0020EBE1 /* DQUModActionSheet.h */ = {isa = PBXFileReference; fileEncoding = 4; lastKnownFileType = sourcecode.c.h; path = DQUModActionSheet.h; sourceTree = "<group>"; };
		4EC8D8F0190EE73A0020EBE1 /* DQUModActionSheet.m */ = {isa = PBXFileReference; fileEncoding = 4; lastKnownFileType = sourcecode.c.objc; path = DQUModActionSheet.m; sourceTree = "<group>"; };
		4ED4E75418E9C9E4007946C7 /* DQUGame.h */ = {isa = PBXFileReference; fileEncoding = 4; lastKnownFileType = sourcecode.c.h; path = DQUGame.h; sourceTree = "<group>"; };
		4ED4E75518E9C9E4007946C7 /* DQUGame.m */ = {isa = PBXFileReference; fileEncoding = 4; lastKnownFileType = sourcecode.c.objc; path = DQUGame.m; sourceTree = "<group>"; };
		4EDBAD6D18F2149F0016AAF2 /* Main.storyboard */ = {isa = PBXFileReference; fileEncoding = 4; lastKnownFileType = file.storyboard; path = Main.storyboard; sourceTree = "<group>"; };
		4EDBAD7218F2187C0016AAF2 /* DQU_HandViewController.h */ = {isa = PBXFileReference; fileEncoding = 4; lastKnownFileType = sourcecode.c.h; path = DQU_HandViewController.h; sourceTree = "<group>"; };
		4EDBAD7318F2187C0016AAF2 /* DQU_HandViewController.m */ = {isa = PBXFileReference; fileEncoding = 4; lastKnownFileType = sourcecode.c.objc; path = DQU_HandViewController.m; sourceTree = "<group>"; };
		4EDBAD7518F218B70016AAF2 /* DQU_HandCard.h */ = {isa = PBXFileReference; fileEncoding = 4; lastKnownFileType = sourcecode.c.h; path = DQU_HandCard.h; sourceTree = "<group>"; };
		4EDBAD7618F218B70016AAF2 /* DQU_HandCard.m */ = {isa = PBXFileReference; fileEncoding = 4; lastKnownFileType = sourcecode.c.objc; path = DQU_HandCard.m; sourceTree = "<group>"; };
		6A0D9B5C191391AB00AA3F66 /* DQUExistingGameTableViewController.h */ = {isa = PBXFileReference; fileEncoding = 4; lastKnownFileType = sourcecode.c.h; path = DQUExistingGameTableViewController.h; sourceTree = "<group>"; };
		6A0D9B5D191391AB00AA3F66 /* DQUExistingGameTableViewController.m */ = {isa = PBXFileReference; fileEncoding = 4; lastKnownFileType = sourcecode.c.objc; path = DQUExistingGameTableViewController.m; sourceTree = "<group>"; };
		6A86AADF19127BC400D930BB /* DQUNewGameViewController.h */ = {isa = PBXFileReference; fileEncoding = 4; lastKnownFileType = sourcecode.c.h; path = DQUNewGameViewController.h; sourceTree = "<group>"; };
		6A86AAE019127BC400D930BB /* DQUNewGameViewController.m */ = {isa = PBXFileReference; fileEncoding = 4; lastKnownFileType = sourcecode.c.objc; path = DQUNewGameViewController.m; sourceTree = "<group>"; };
/* End PBXFileReference section */

/* Begin PBXFrameworksBuildPhase section */
		4EB038CD18E8F83B0084D175 /* Frameworks */ = {
			isa = PBXFrameworksBuildPhase;
			buildActionMask = 2147483647;
			files = (
				4EB0391518E8FA4B0084D175 /* SystemConfiguration.framework in Frameworks */,
				4EB0391318E8FA440084D175 /* StoreKit.framework in Frameworks */,
				4EB0391118E8FA3F0084D175 /* Security.framework in Frameworks */,
				4EB0390F18E8FA3A0084D175 /* QuartzCore.framework in Frameworks */,
				4EB0390D18E8FA340084D175 /* MobileCoreServices.framework in Frameworks */,
				4EB0390B18E8FA2D0084D175 /* libz.dylib in Frameworks */,
				4EB0390918E8FA240084D175 /* CoreLocation.framework in Frameworks */,
				4EB038D618E8F83B0084D175 /* CoreGraphics.framework in Frameworks */,
				4EB0390718E8FA0D0084D175 /* CFNetwork.framework in Frameworks */,
				4EB0390518E8FA070084D175 /* AudioToolbox.framework in Frameworks */,
				4EB038D818E8F83B0084D175 /* UIKit.framework in Frameworks */,
				4EB0390318E8F9BB0084D175 /* Parse.framework in Frameworks */,
				4EB038D418E8F83B0084D175 /* Foundation.framework in Frameworks */,
			);
			runOnlyForDeploymentPostprocessing = 0;
		};
		4EB038E818E8F8410084D175 /* Frameworks */ = {
			isa = PBXFrameworksBuildPhase;
			buildActionMask = 2147483647;
			files = (
				4EB038ED18E8F8410084D175 /* XCTest.framework in Frameworks */,
				4EB038EF18E8F8410084D175 /* UIKit.framework in Frameworks */,
				4EB038EE18E8F8410084D175 /* Foundation.framework in Frameworks */,
			);
			runOnlyForDeploymentPostprocessing = 0;
		};
/* End PBXFrameworksBuildPhase section */

/* Begin PBXGroup section */
		3CB82C9A190E22A200B1070E /* cards */ = {
			isa = PBXGroup;
			children = (
				3CB82C9B190E22A200B1070E /* 10_C.png */,
				3CB82C9C190E22A200B1070E /* 10_D.png */,
				3CB82C9D190E22A200B1070E /* 10_H.png */,
				3CB82C9E190E22A200B1070E /* 10_S.png */,
				3CB82C9F190E22A200B1070E /* 2_C.png */,
				3CB82CA0190E22A200B1070E /* 2_D.png */,
				3CB82CA1190E22A200B1070E /* 2_H.png */,
				3CB82CA2190E22A200B1070E /* 2_S.png */,
				3CB82CA3190E22A200B1070E /* 3_C.png */,
				3CB82CA4190E22A200B1070E /* 3_D.png */,
				3CB82CA5190E22A200B1070E /* 3_H.png */,
				3CB82CA6190E22A200B1070E /* 3_S.png */,
				3CB82CA7190E22A200B1070E /* 4_C.png */,
				3CB82CA8190E22A200B1070E /* 4_D.png */,
				3CB82CA9190E22A200B1070E /* 4_H.png */,
				3CB82CAA190E22A200B1070E /* 4_S.png */,
				3CB82CAB190E22A200B1070E /* 5_C.png */,
				3CB82CAC190E22A200B1070E /* 5_D.png */,
				3CB82CAD190E22A200B1070E /* 5_H.png */,
				3CB82CAE190E22A200B1070E /* 5_S.png */,
				3CB82CAF190E22A200B1070E /* 6_C.png */,
				3CB82CB0190E22A200B1070E /* 6_D.png */,
				3CB82CB1190E22A200B1070E /* 6_H.png */,
				3CB82CB2190E22A200B1070E /* 6_S.png */,
				3CB82CB3190E22A200B1070E /* 7_C.png */,
				3CB82CB4190E22A200B1070E /* 7_D.png */,
				3CB82CB5190E22A200B1070E /* 7_H.png */,
				3CB82CB6190E22A200B1070E /* 7_S.png */,
				3CB82CB7190E22A200B1070E /* 8_C.png */,
				3CB82CB8190E22A200B1070E /* 8_D.png */,
				3CB82CB9190E22A200B1070E /* 8_H.png */,
				3CB82CBA190E22A200B1070E /* 8_S.png */,
				3CB82CBB190E22A200B1070E /* 9_C.png */,
				3CB82CBC190E22A200B1070E /* 9_D.png */,
				3CB82CBD190E22A200B1070E /* 9_H.png */,
				3CB82CBE190E22A200B1070E /* 9_S.png */,
				3CB82CBF190E22A200B1070E /* A_C.png */,
				3CB82CC0190E22A200B1070E /* A_D.png */,
				3CB82CC1190E22A200B1070E /* A_H.png */,
				3CB82CC2190E22A200B1070E /* A_S.png */,
				3CB82CC3190E22A200B1070E /* J_C.png */,
				3CB82CC4190E22A200B1070E /* J_D.png */,
				3CB82CC5190E22A200B1070E /* J_H.png */,
				3CB82CC6190E22A200B1070E /* J_S.png */,
				3CB82CC7190E22A200B1070E /* K_C.png */,
				3CB82CC8190E22A200B1070E /* K_D.png */,
				3CB82CC9190E22A200B1070E /* K_H.png */,
				3CB82CCA190E22A200B1070E /* K_S.png */,
				3CB82CCB190E22A200B1070E /* Q_C.png */,
				3CB82CCC190E22A200B1070E /* Q_D.png */,
				3CB82CCD190E22A200B1070E /* Q_H.png */,
				3CB82CCE190E22A200B1070E /* Q_S.png */,
			);
			path = cards;
			sourceTree = "<group>";
		};
		4EB038C718E8F83A0084D175 = {
			isa = PBXGroup;
			children = (
				4EB038D918E8F83B0084D175 /* Deque */,
				4EB038F218E8F8410084D175 /* DequeTests */,
				4EB038D218E8F83B0084D175 /* Frameworks */,
				4EB038D118E8F83B0084D175 /* Products */,
			);
			sourceTree = "<group>";
		};
		4EB038D118E8F83B0084D175 /* Products */ = {
			isa = PBXGroup;
			children = (
				4EB038D018E8F83B0084D175 /* Deque.app */,
				4EB038EB18E8F8410084D175 /* DequeTests.xctest */,
			);
			name = Products;
			sourceTree = "<group>";
		};
		4EB038D218E8F83B0084D175 /* Frameworks */ = {
			isa = PBXGroup;
			children = (
				4EB0391418E8FA4B0084D175 /* SystemConfiguration.framework */,
				4EB0391218E8FA440084D175 /* StoreKit.framework */,
				4EB0391018E8FA3F0084D175 /* Security.framework */,
				4EB0390E18E8FA3A0084D175 /* QuartzCore.framework */,
				4EB0390C18E8FA340084D175 /* MobileCoreServices.framework */,
				4EB0390A18E8FA2D0084D175 /* libz.dylib */,
				4EB0390818E8FA240084D175 /* CoreLocation.framework */,
				4EB0390618E8FA0D0084D175 /* CFNetwork.framework */,
				4EB0390418E8FA070084D175 /* AudioToolbox.framework */,
				4EB0390218E8F9BB0084D175 /* Parse.framework */,
				4EB038D318E8F83B0084D175 /* Foundation.framework */,
				4EB038D518E8F83B0084D175 /* CoreGraphics.framework */,
				4EB038D718E8F83B0084D175 /* UIKit.framework */,
				4EB038EC18E8F8410084D175 /* XCTest.framework */,
			);
			name = Frameworks;
			sourceTree = "<group>";
		};
		4EB038D918E8F83B0084D175 /* Deque */ = {
			isa = PBXGroup;
			children = (
				3CB82C9A190E22A200B1070E /* cards */,
				4EC0556C18F3478900CBA2B1 /* DQUCard.h */,
				4EC0556D18F3478900CBA2B1 /* DQUCard.mm */,
				4EC0557018F3478900CBA2B1 /* DQUHand.h */,
				4EC0557118F3478900CBA2B1 /* DQUHand.m */,
				4E9AEC30190C28F70062C1EF /* DQUDataServer.h */,
				4E9AEC31190C28F70062C1EF /* DQUDataServer.m */,
				4ED4E75418E9C9E4007946C7 /* DQUGame.h */,
				4ED4E75518E9C9E4007946C7 /* DQUGame.m */,
				4EB038E218E8F83D0084D175 /* DQUAppDelegate.h */,
				4EB038E318E8F83D0084D175 /* DQUAppDelegate.m */,
				4EDBAD6D18F2149F0016AAF2 /* Main.storyboard */,
				6A0D9B5C191391AB00AA3F66 /* DQUExistingGameTableViewController.h */,
				6A0D9B5D191391AB00AA3F66 /* DQUExistingGameTableViewController.m */,
				6A86AADF19127BC400D930BB /* DQUNewGameViewController.h */,
				6A86AAE019127BC400D930BB /* DQUNewGameViewController.m */,
				4E189F2E190C7513002878AD /* star.png */,
				4E22100318FB66190020ED2F /* DQU_CardCell.h */,
				4E22100418FB66190020ED2F /* DQU_CardCell.m */,
				4EDBAD7518F218B70016AAF2 /* DQU_HandCard.h */,
				4EDBAD7618F218B70016AAF2 /* DQU_HandCard.m */,
				4E22100018FB57EB0020ED2F /* DQU_MainHandViewController.h */,
				4E22100118FB57EC0020ED2F /* DQU_MainHandViewController.m */,
				4E189F2C190C7513002878AD /* DQU_TableViewController.h */,
				4E189F2D190C7513002878AD /* DQU_TableViewController.m */,
				4EDBAD7218F2187C0016AAF2 /* DQU_HandViewController.h */,
				4EDBAD7318F2187C0016AAF2 /* DQU_HandViewController.m */,
				4EB038E518E8F83D0084D175 /* Images.xcassets */,
				4EB038DA18E8F83B0084D175 /* Supporting Files */,
				4EC8D8EF190EE73A0020EBE1 /* DQUModActionSheet.h */,
				4EC8D8F0190EE73A0020EBE1 /* DQUModActionSheet.m */,
			);
			path = Deque;
			sourceTree = "<group>";
		};
		4EB038DA18E8F83B0084D175 /* Supporting Files */ = {
			isa = PBXGroup;
			children = (
				4EB038DB18E8F83B0084D175 /* Deque-Info.plist */,
				4EB038DC18E8F83C0084D175 /* InfoPlist.strings */,
				4EB038DF18E8F83D0084D175 /* main.m */,
				4EB038E118E8F83D0084D175 /* Deque-Prefix.pch */,
			);
			name = "Supporting Files";
			sourceTree = "<group>";
		};
		4EB038F218E8F8410084D175 /* DequeTests */ = {
			isa = PBXGroup;
			children = (
				4EB038F818E8F8410084D175 /* DequeTests.m */,
				4EB038F318E8F8410084D175 /* Supporting Files */,
			);
			path = DequeTests;
			sourceTree = "<group>";
		};
		4EB038F318E8F8410084D175 /* Supporting Files */ = {
			isa = PBXGroup;
			children = (
				4EB038F418E8F8410084D175 /* DequeTests-Info.plist */,
				4EB038F518E8F8410084D175 /* InfoPlist.strings */,
			);
			name = "Supporting Files";
			sourceTree = "<group>";
		};
/* End PBXGroup section */

/* Begin PBXNativeTarget section */
		4EB038CF18E8F83B0084D175 /* Deque */ = {
			isa = PBXNativeTarget;
			buildConfigurationList = 4EB038FC18E8F8410084D175 /* Build configuration list for PBXNativeTarget "Deque" */;
			buildPhases = (
				4EB038CC18E8F83B0084D175 /* Sources */,
				4EB038CD18E8F83B0084D175 /* Frameworks */,
				4EB038CE18E8F83B0084D175 /* Resources */,
			);
			buildRules = (
			);
			dependencies = (
			);
			name = Deque;
			productName = Deque;
			productReference = 4EB038D018E8F83B0084D175 /* Deque.app */;
			productType = "com.apple.product-type.application";
		};
		4EB038EA18E8F8410084D175 /* DequeTests */ = {
			isa = PBXNativeTarget;
			buildConfigurationList = 4EB038FF18E8F8410084D175 /* Build configuration list for PBXNativeTarget "DequeTests" */;
			buildPhases = (
				4EB038E718E8F8410084D175 /* Sources */,
				4EB038E818E8F8410084D175 /* Frameworks */,
				4EB038E918E8F8410084D175 /* Resources */,
			);
			buildRules = (
			);
			dependencies = (
				4EB038F118E8F8410084D175 /* PBXTargetDependency */,
			);
			name = DequeTests;
			productName = DequeTests;
			productReference = 4EB038EB18E8F8410084D175 /* DequeTests.xctest */;
			productType = "com.apple.product-type.bundle.unit-test";
		};
/* End PBXNativeTarget section */

/* Begin PBXProject section */
		4EB038C818E8F83A0084D175 /* Project object */ = {
			isa = PBXProject;
			attributes = {
				CLASSPREFIX = DQU;
				LastUpgradeCheck = 0510;
				ORGANIZATIONNAME = "Xixia Wang";
				TargetAttributes = {
					4EB038CF18E8F83B0084D175 = {
						DevelopmentTeam = WKRZ8G7B5R;
					};
					4EB038EA18E8F8410084D175 = {
						TestTargetID = 4EB038CF18E8F83B0084D175;
					};
				};
			};
			buildConfigurationList = 4EB038CB18E8F83B0084D175 /* Build configuration list for PBXProject "Deque" */;
			compatibilityVersion = "Xcode 3.2";
			developmentRegion = English;
			hasScannedForEncodings = 0;
			knownRegions = (
				en,
			);
			mainGroup = 4EB038C718E8F83A0084D175;
			productRefGroup = 4EB038D118E8F83B0084D175 /* Products */;
			projectDirPath = "";
			projectRoot = "";
			targets = (
				4EB038CF18E8F83B0084D175 /* Deque */,
				4EB038EA18E8F8410084D175 /* DequeTests */,
			);
		};
/* End PBXProject section */

/* Begin PBXResourcesBuildPhase section */
		4EB038CE18E8F83B0084D175 /* Resources */ = {
			isa = PBXResourcesBuildPhase;
			buildActionMask = 2147483647;
			files = (
				3CB82CF5190E22A200B1070E /* A_H.png in Resources */,
				3CB82CF1190E22A200B1070E /* 9_H.png in Resources */,
				3CB82CED190E22A200B1070E /* 8_H.png in Resources */,
				3CB82CDE190E22A200B1070E /* 4_S.png in Resources */,
				3CB82CE7190E22A200B1070E /* 7_C.png in Resources */,
				3CB82CF8190E22A200B1070E /* J_D.png in Resources */,
				3CB82D00190E22A200B1070E /* Q_D.png in Resources */,
				3CB82CFA190E22A200B1070E /* J_S.png in Resources */,
				3CB82CD9190E22A200B1070E /* 3_H.png in Resources */,
				3CB82CFC190E22A200B1070E /* K_D.png in Resources */,
				3CB82CFD190E22A200B1070E /* K_H.png in Resources */,
				3CB82CF2190E22A200B1070E /* 9_S.png in Resources */,
				3CB82CEF190E22A200B1070E /* 9_C.png in Resources */,
				3CB82CEA190E22A200B1070E /* 7_S.png in Resources */,
				3CB82CD3190E22A200B1070E /* 2_C.png in Resources */,
				3CB82CDF190E22A200B1070E /* 5_C.png in Resources */,
				3CB82CFB190E22A200B1070E /* K_C.png in Resources */,
				3CB82CFF190E22A200B1070E /* Q_C.png in Resources */,
				3CB82CD5190E22A200B1070E /* 2_H.png in Resources */,
				4EDBAD6E18F2149F0016AAF2 /* Main.storyboard in Resources */,
				4E189F30190C7513002878AD /* star.png in Resources */,
				3CB82CDD190E22A200B1070E /* 4_H.png in Resources */,
				3CB82CD4190E22A200B1070E /* 2_D.png in Resources */,
				3CB82CEE190E22A200B1070E /* 8_S.png in Resources */,
				3CB82CF0190E22A200B1070E /* 9_D.png in Resources */,
				3CB82D01190E22A200B1070E /* Q_H.png in Resources */,
				3CB82CF7190E22A200B1070E /* J_C.png in Resources */,
				3CB82CE2190E22A200B1070E /* 5_S.png in Resources */,
				3CB82CCF190E22A200B1070E /* 10_C.png in Resources */,
				3CB82D02190E22A200B1070E /* Q_S.png in Resources */,
				3CB82CD6190E22A200B1070E /* 2_S.png in Resources */,
				3CB82CFE190E22A200B1070E /* K_S.png in Resources */,
				3CB82CD1190E22A200B1070E /* 10_H.png in Resources */,
				3CB82CE3190E22A200B1070E /* 6_C.png in Resources */,
				3CB82CE0190E22A200B1070E /* 5_D.png in Resources */,
				3CB82CE4190E22A200B1070E /* 6_D.png in Resources */,
				3CB82CF4190E22A200B1070E /* A_D.png in Resources */,
				3CB82CEB190E22A200B1070E /* 8_C.png in Resources */,
				3CB82CE9190E22A200B1070E /* 7_H.png in Resources */,
				3CB82CDC190E22A200B1070E /* 4_D.png in Resources */,
				3CB82CE8190E22A200B1070E /* 7_D.png in Resources */,
				3CB82CD7190E22A200B1070E /* 3_C.png in Resources */,
				3CB82CE6190E22A200B1070E /* 6_S.png in Resources */,
				3CB82CE5190E22A200B1070E /* 6_H.png in Resources */,
				3CB82CDB190E22A200B1070E /* 4_C.png in Resources */,
				3CB82CD0190E22A200B1070E /* 10_D.png in Resources */,
				3CB82CF3190E22A200B1070E /* A_C.png in Resources */,
				3CB82CEC190E22A200B1070E /* 8_D.png in Resources */,
				3CB82CD8190E22A200B1070E /* 3_D.png in Resources */,
				4EB038DE18E8F83C0084D175 /* InfoPlist.strings in Resources */,
				3CB82CD2190E22A200B1070E /* 10_S.png in Resources */,
				4EB038E618E8F83D0084D175 /* Images.xcassets in Resources */,
				3CB82CF6190E22A200B1070E /* A_S.png in Resources */,
				3CB82CDA190E22A200B1070E /* 3_S.png in Resources */,
				3CB82CF9190E22A200B1070E /* J_H.png in Resources */,
				3CB82CE1190E22A200B1070E /* 5_H.png in Resources */,
			);
			runOnlyForDeploymentPostprocessing = 0;
		};
		4EB038E918E8F8410084D175 /* Resources */ = {
			isa = PBXResourcesBuildPhase;
			buildActionMask = 2147483647;
			files = (
				4EB038F718E8F8410084D175 /* InfoPlist.strings in Resources */,
			);
			runOnlyForDeploymentPostprocessing = 0;
		};
/* End PBXResourcesBuildPhase section */

/* Begin PBXSourcesBuildPhase section */
		4EB038CC18E8F83B0084D175 /* Sources */ = {
			isa = PBXSourcesBuildPhase;
			buildActionMask = 2147483647;
			files = (
				4ED4E75618E9C9E4007946C7 /* DQUGame.m in Sources */,
				4EB038E018E8F83D0084D175 /* main.m in Sources */,
				4EDBAD7718F218B70016AAF2 /* DQU_HandCard.m in Sources */,
				6A0D9B5E191391AB00AA3F66 /* DQUExistingGameTableViewController.m in Sources */,
				4E9AEC32190C28F70062C1EF /* DQUDataServer.m in Sources */,
				4EDBAD7418F2187C0016AAF2 /* DQU_HandViewController.m in Sources */,
				4EB038E418E8F83D0084D175 /* DQUAppDelegate.m in Sources */,
				4E737E0818F4DFE1009BD8D5 /* DQUHand.m in Sources */,
				4E22100518FB66190020ED2F /* DQU_CardCell.m in Sources */,
				4E737E0918F4DFF8009BD8D5 /* DQUCard.mm in Sources */,
				4E189F2F190C7513002878AD /* DQU_TableViewController.m in Sources */,
				4EC8D8F1190EE73A0020EBE1 /* DQUModActionSheet.m in Sources */,
				6A86AAE119127BC400D930BB /* DQUNewGameViewController.m in Sources */,
				4E22100218FB57EC0020ED2F /* DQU_MainHandViewController.m in Sources */,
			);
			runOnlyForDeploymentPostprocessing = 0;
		};
		4EB038E718E8F8410084D175 /* Sources */ = {
			isa = PBXSourcesBuildPhase;
			buildActionMask = 2147483647;
			files = (
				4EB038F918E8F8410084D175 /* DequeTests.m in Sources */,
			);
			runOnlyForDeploymentPostprocessing = 0;
		};
/* End PBXSourcesBuildPhase section */

/* Begin PBXTargetDependency section */
		4EB038F118E8F8410084D175 /* PBXTargetDependency */ = {
			isa = PBXTargetDependency;
			target = 4EB038CF18E8F83B0084D175 /* Deque */;
			targetProxy = 4EB038F018E8F8410084D175 /* PBXContainerItemProxy */;
		};
/* End PBXTargetDependency section */

/* Begin PBXVariantGroup section */
		4EB038DC18E8F83C0084D175 /* InfoPlist.strings */ = {
			isa = PBXVariantGroup;
			children = (
				4EB038DD18E8F83C0084D175 /* en */,
			);
			name = InfoPlist.strings;
			sourceTree = "<group>";
		};
		4EB038F518E8F8410084D175 /* InfoPlist.strings */ = {
			isa = PBXVariantGroup;
			children = (
				4EB038F618E8F8410084D175 /* en */,
			);
			name = InfoPlist.strings;
			sourceTree = "<group>";
		};
/* End PBXVariantGroup section */

/* Begin XCBuildConfiguration section */
		4EB038FA18E8F8410084D175 /* Debug */ = {
			isa = XCBuildConfiguration;
			buildSettings = {
				ALWAYS_SEARCH_USER_PATHS = NO;
				CLANG_CXX_LANGUAGE_STANDARD = "gnu++0x";
				CLANG_CXX_LIBRARY = "libc++";
				CLANG_ENABLE_MODULES = YES;
				CLANG_ENABLE_OBJC_ARC = YES;
				CLANG_WARN_BOOL_CONVERSION = YES;
				CLANG_WARN_CONSTANT_CONVERSION = YES;
				CLANG_WARN_DIRECT_OBJC_ISA_USAGE = YES_ERROR;
				CLANG_WARN_EMPTY_BODY = YES;
				CLANG_WARN_ENUM_CONVERSION = YES;
				CLANG_WARN_INT_CONVERSION = YES;
				CLANG_WARN_OBJC_ROOT_CLASS = YES_ERROR;
				CLANG_WARN__DUPLICATE_METHOD_MATCH = YES;
				"CODE_SIGN_IDENTITY[sdk=iphoneos*]" = "iPhone Developer";
				COPY_PHASE_STRIP = NO;
				GCC_C_LANGUAGE_STANDARD = gnu99;
				GCC_DYNAMIC_NO_PIC = NO;
				GCC_OPTIMIZATION_LEVEL = 0;
				GCC_PREPROCESSOR_DEFINITIONS = (
					"DEBUG=1",
					"$(inherited)",
				);
				GCC_SYMBOLS_PRIVATE_EXTERN = NO;
				GCC_WARN_64_TO_32_BIT_CONVERSION = YES;
				GCC_WARN_ABOUT_RETURN_TYPE = YES_ERROR;
				GCC_WARN_UNDECLARED_SELECTOR = YES;
				GCC_WARN_UNINITIALIZED_AUTOS = YES_AGGRESSIVE;
				GCC_WARN_UNUSED_FUNCTION = YES;
				GCC_WARN_UNUSED_VARIABLE = YES;
				IPHONEOS_DEPLOYMENT_TARGET = 7.1;
				ONLY_ACTIVE_ARCH = YES;
				SDKROOT = iphoneos;
			};
			name = Debug;
		};
		4EB038FB18E8F8410084D175 /* Release */ = {
			isa = XCBuildConfiguration;
			buildSettings = {
				ALWAYS_SEARCH_USER_PATHS = NO;
				CLANG_CXX_LANGUAGE_STANDARD = "gnu++0x";
				CLANG_CXX_LIBRARY = "libc++";
				CLANG_ENABLE_MODULES = YES;
				CLANG_ENABLE_OBJC_ARC = YES;
				CLANG_WARN_BOOL_CONVERSION = YES;
				CLANG_WARN_CONSTANT_CONVERSION = YES;
				CLANG_WARN_DIRECT_OBJC_ISA_USAGE = YES_ERROR;
				CLANG_WARN_EMPTY_BODY = YES;
				CLANG_WARN_ENUM_CONVERSION = YES;
				CLANG_WARN_INT_CONVERSION = YES;
				CLANG_WARN_OBJC_ROOT_CLASS = YES_ERROR;
				CLANG_WARN__DUPLICATE_METHOD_MATCH = YES;
				"CODE_SIGN_IDENTITY[sdk=iphoneos*]" = "iPhone Developer";
				COPY_PHASE_STRIP = YES;
				ENABLE_NS_ASSERTIONS = NO;
				GCC_C_LANGUAGE_STANDARD = gnu99;
				GCC_WARN_64_TO_32_BIT_CONVERSION = YES;
				GCC_WARN_ABOUT_RETURN_TYPE = YES_ERROR;
				GCC_WARN_UNDECLARED_SELECTOR = YES;
				GCC_WARN_UNINITIALIZED_AUTOS = YES_AGGRESSIVE;
				GCC_WARN_UNUSED_FUNCTION = YES;
				GCC_WARN_UNUSED_VARIABLE = YES;
				IPHONEOS_DEPLOYMENT_TARGET = 7.1;
				SDKROOT = iphoneos;
				VALIDATE_PRODUCT = YES;
			};
			name = Release;
		};
		4EB038FD18E8F8410084D175 /* Debug */ = {
			isa = XCBuildConfiguration;
			buildSettings = {
				ASSETCATALOG_COMPILER_APPICON_NAME = AppIcon;
				ASSETCATALOG_COMPILER_LAUNCHIMAGE_NAME = LaunchImage;
				CODE_SIGN_IDENTITY = "iPhone Developer";
				FRAMEWORK_SEARCH_PATHS = (
					"$(inherited)",
					"$(PROJECT_DIR)",
				);
				GCC_PRECOMPILE_PREFIX_HEADER = YES;
				GCC_PREFIX_HEADER = "Deque/Deque-Prefix.pch";
				INFOPLIST_FILE = "Deque/Deque-Info.plist";
				PRODUCT_NAME = "$(TARGET_NAME)";
				WRAPPER_EXTENSION = app;
			};
			name = Debug;
		};
		4EB038FE18E8F8410084D175 /* Release */ = {
			isa = XCBuildConfiguration;
			buildSettings = {
				ASSETCATALOG_COMPILER_APPICON_NAME = AppIcon;
				ASSETCATALOG_COMPILER_LAUNCHIMAGE_NAME = LaunchImage;
				CODE_SIGN_IDENTITY = "iPhone Developer";
				FRAMEWORK_SEARCH_PATHS = (
					"$(inherited)",
					"$(PROJECT_DIR)",
				);
				GCC_PRECOMPILE_PREFIX_HEADER = YES;
				GCC_PREFIX_HEADER = "Deque/Deque-Prefix.pch";
				INFOPLIST_FILE = "Deque/Deque-Info.plist";
				PRODUCT_NAME = "$(TARGET_NAME)";
				WRAPPER_EXTENSION = app;
			};
			name = Release;
		};
		4EB0390018E8F8410084D175 /* Debug */ = {
			isa = XCBuildConfiguration;
			buildSettings = {
				BUNDLE_LOADER = "$(BUILT_PRODUCTS_DIR)/Deque.app/Deque";
				FRAMEWORK_SEARCH_PATHS = (
					"$(SDKROOT)/Developer/Library/Frameworks",
					"$(inherited)",
					"$(DEVELOPER_FRAMEWORKS_DIR)",
				);
				GCC_PRECOMPILE_PREFIX_HEADER = YES;
				GCC_PREFIX_HEADER = "Deque/Deque-Prefix.pch";
				GCC_PREPROCESSOR_DEFINITIONS = (
					"DEBUG=1",
					"$(inherited)",
				);
				INFOPLIST_FILE = "DequeTests/DequeTests-Info.plist";
				PRODUCT_NAME = "$(TARGET_NAME)";
				TEST_HOST = "$(BUNDLE_LOADER)";
				WRAPPER_EXTENSION = xctest;
			};
			name = Debug;
		};
		4EB0390118E8F8410084D175 /* Release */ = {
			isa = XCBuildConfiguration;
			buildSettings = {
				BUNDLE_LOADER = "$(BUILT_PRODUCTS_DIR)/Deque.app/Deque";
				FRAMEWORK_SEARCH_PATHS = (
					"$(SDKROOT)/Developer/Library/Frameworks",
					"$(inherited)",
					"$(DEVELOPER_FRAMEWORKS_DIR)",
				);
				GCC_PRECOMPILE_PREFIX_HEADER = YES;
				GCC_PREFIX_HEADER = "Deque/Deque-Prefix.pch";
				INFOPLIST_FILE = "DequeTests/DequeTests-Info.plist";
				PRODUCT_NAME = "$(TARGET_NAME)";
				TEST_HOST = "$(BUNDLE_LOADER)";
				WRAPPER_EXTENSION = xctest;
			};
			name = Release;
		};
/* End XCBuildConfiguration section */

/* Begin XCConfigurationList section */
		4EB038CB18E8F83B0084D175 /* Build configuration list for PBXProject "Deque" */ = {
			isa = XCConfigurationList;
			buildConfigurations = (
				4EB038FA18E8F8410084D175 /* Debug */,
				4EB038FB18E8F8410084D175 /* Release */,
			);
			defaultConfigurationIsVisible = 0;
			defaultConfigurationName = Release;
		};
		4EB038FC18E8F8410084D175 /* Build configuration list for PBXNativeTarget "Deque" */ = {
			isa = XCConfigurationList;
			buildConfigurations = (
				4EB038FD18E8F8410084D175 /* Debug */,
				4EB038FE18E8F8410084D175 /* Release */,
			);
			defaultConfigurationIsVisible = 0;
			defaultConfigurationName = Release;
		};
		4EB038FF18E8F8410084D175 /* Build configuration list for PBXNativeTarget "DequeTests" */ = {
			isa = XCConfigurationList;
			buildConfigurations = (
				4EB0390018E8F8410084D175 /* Debug */,
				4EB0390118E8F8410084D175 /* Release */,
			);
			defaultConfigurationIsVisible = 0;
			defaultConfigurationName = Release;
		};
/* End XCConfigurationList section */
	};
	rootObject = 4EB038C818E8F83A0084D175 /* Project object */;
}
